<?xml version="1.0" encoding="utf-8"?>
<Project ToolsVersion="4.0" xmlns="http://schemas.microsoft.com/developer/msbuild/2003">
  <ItemGroup>
    <Filter Include="Source Files">
      <UniqueIdentifier>{4FC737F1-C7A5-4376-A066-2A32D752A2FF}</UniqueIdentifier>
      <Extensions>cpp;c;cc;cxx;def;odl;idl;hpj;bat;asm;asmx</Extensions>
    </Filter>
    <Filter Include="Header Files">
      <UniqueIdentifier>{93995380-89BD-4b04-88EB-625FBE52EBFB}</UniqueIdentifier>
      <Extensions>h;hh;hpp;hxx;hm;inl;inc;xsd</Extensions>
    </Filter>
    <Filter Include="Resource Files">
      <UniqueIdentifier>{67DA6AB6-F800-4c08-8B7A-83BB121AAD01}</UniqueIdentifier>
      <Extensions>rc;ico;cur;bmp;dlg;rc2;rct;bin;rgs;gif;jpg;jpeg;jpe;resx;tiff;tif;png;wav;mfcribbon-ms</Extensions>
    </Filter>
    <Filter Include="Old &amp; Doc">
      <UniqueIdentifier>{70508e96-4fa9-49a6-8ec9-6d932f788f71}</UniqueIdentifier>
      <ParseFiles>true</ParseFiles>
    </Filter>
  </ItemGroup>
  <ItemGroup>
    <Text Include="ReadMe.txt" />
  </ItemGroup>
  <ItemGroup>
    <ClInclude Include="stdafx.h">
      <Filter>Header Files</Filter>
    </ClInclude>
    <ClInclude Include="targetver.h">
      <Filter>Header Files</Filter>
    </ClInclude>
    <ClInclude Include="Tiff_STL3.h">
      <Filter>Header Files</Filter>
    </ClInclude>
    <ClInclude Include="Virtual_IO.h">
      <Filter>Header Files</Filter>
    </ClInclude>
    <ClInclude Include="tiff.h">
      <Filter>Old &amp; Doc</Filter>
    </ClInclude>
    <ClInclude Include="Tiff_c.h">
      <Filter>Old &amp; Doc</Filter>
    </ClInclude>
    <ClInclude Include="Tiff_STL.h">
      <Filter>Old &amp; Doc</Filter>
    </ClInclude>
  </ItemGroup>
  <ItemGroup>
    <ClCompile Include="stdafx.cpp">
      <Filter>Source Files</Filter>
    </ClCompile>
    <ClCompile Include="Tiff_STL3.cpp">
      <Filter>Source Files</Filter>
    </ClCompile>
    <ClCompile Include="Virtual_IO.cpp">
      <Filter>Source Files</Filter>
    </ClCompile>
    <ClCompile Include="tiff.cpp">
      <Filter>Old &amp; Doc</Filter>
    </ClCompile>
    <ClCompile Include="Tiff_c.cpp">
      <Filter>Old &amp; Doc</Filter>
    </ClCompile>
    <ClCompile Include="Tiff_STL.cpp">
      <Filter>Old &amp; Doc</Filter>
    </ClCompile>
  </ItemGroup>
  <ItemGroup>
    <None Include="TIFF6.pdf">
      <Filter>Old &amp; Doc</Filter>
    </None>
  </ItemGroup>
</Project>